// !$*UTF8*$!
{
	archiveVersion = 1;
	classes = {
	};
	objectVersion = 46;
	objects = {

/* Begin PBXBuildFile section */
		4180E6041F28CF6200E47365 /* main.c in Sources */ = {isa = PBXBuildFile; fileRef = 4180E6031F28CF6200E47365 /* main.c */; };
		4180E60C1F28CF8A00E47365 /* stringFuncs.c in Sources */ = {isa = PBXBuildFile; fileRef = 4180E60A1F28CF8A00E47365 /* stringFuncs.c */; };
		4180E60F1F28CFB800E47365 /* take_info.c in Sources */ = {isa = PBXBuildFile; fileRef = 4180E60D1F28CFB800E47365 /* take_info.c */; };
		4180E6121F28CFCA00E47365 /* read_file.c in Sources */ = {isa = PBXBuildFile; fileRef = 4180E6101F28CFCA00E47365 /* read_file.c */; };
/* End PBXBuildFile section */

/* Begin PBXCopyFilesBuildPhase section */
		4180E5FE1F28CF6200E47365 /* CopyFiles */ = {
			isa = PBXCopyFilesBuildPhase;
			buildActionMask = 2147483647;
			dstPath = /usr/share/man/man1/;
			dstSubfolderSpec = 0;
			files = (
			);
			runOnlyForDeploymentPostprocessing = 1;
		};
/* End PBXCopyFilesBuildPhase section */

/* Begin PBXFileReference section */
		4180E6001F28CF6200E47365 /* pdbParse */ = {isa = PBXFileReference; explicitFileType = "compiled.mach-o.executable"; includeInIndex = 0; path = pdbParse; sourceTree = BUILT_PRODUCTS_DIR; };
		4180E6031F28CF6200E47365 /* main.c */ = {isa = PBXFileReference; lastKnownFileType = sourcecode.c.c; path = main.c; sourceTree = "<group>"; };
		4180E60A1F28CF8A00E47365 /* stringFuncs.c */ = {isa = PBXFileReference; fileEncoding = 4; lastKnownFileType = sourcecode.c.c; name = stringFuncs.c; path = ../stringFuncs.c; sourceTree = "<group>"; };
		4180E60B1F28CF8A00E47365 /* stringFuncs.h */ = {isa = PBXFileReference; fileEncoding = 4; lastKnownFileType = sourcecode.c.h; name = stringFuncs.h; path = ../stringFuncs.h; sourceTree = "<group>"; };
		4180E60D1F28CFB800E47365 /* take_info.c */ = {isa = PBXFileReference; fileEncoding = 4; lastKnownFileType = sourcecode.c.c; name = take_info.c; path = ../take_info.c; sourceTree = "<group>"; };
		4180E60E1F28CFB800E47365 /* take_info.h */ = {isa = PBXFileReference; fileEncoding = 4; lastKnownFileType = sourcecode.c.h; name = take_info.h; path = ../take_info.h; sourceTree = "<group>"; };
		4180E6101F28CFCA00E47365 /* read_file.c */ = {isa = PBXFileReference; fileEncoding = 4; lastKnownFileType = sourcecode.c.c; name = read_file.c; path = ../read_file.c; sourceTree = "<group>"; };
		4180E6111F28CFCA00E47365 /* read_file.h */ = {isa = PBXFileReference; fileEncoding = 4; lastKnownFileType = sourcecode.c.h; name = read_file.h; path = ../read_file.h; sourceTree = "<group>"; };
/* End PBXFileReference section */

/* Begin PBXFrameworksBuildPhase section */
		4180E5FD1F28CF6200E47365 /* Frameworks */ = {
			isa = PBXFrameworksBuildPhase;
			buildActionMask = 2147483647;
			files = (
			);
			runOnlyForDeploymentPostprocessing = 0;
		};
/* End PBXFrameworksBuildPhase section */

/* Begin PBXGroup section */
		4180E5F71F28CF6200E47365 = {
			isa = PBXGroup;
			children = (
				4180E6021F28CF6200E47365 /* pdbParse */,
				4180E6011F28CF6200E47365 /* Products */,
			);
			sourceTree = "<group>";
		};
		4180E6011F28CF6200E47365 /* Products */ = {
			isa = PBXGroup;
			children = (
				4180E6001F28CF6200E47365 /* pdbParse */,
			);
			name = Products;
			sourceTree = "<group>";
		};
		4180E6021F28CF6200E47365 /* pdbParse */ = {
			isa = PBXGroup;
			children = (
				4180E6031F28CF6200E47365 /* main.c */,
				4180E6101F28CFCA00E47365 /* read_file.c */,
				4180E6111F28CFCA00E47365 /* read_file.h */,
				4180E60D1F28CFB800E47365 /* take_info.c */,
				4180E60E1F28CFB800E47365 /* take_info.h */,
				4180E60A1F28CF8A00E47365 /* stringFuncs.c */,
				4180E60B1F28CF8A00E47365 /* stringFuncs.h */,
			);
			path = pdbParse;
			sourceTree = "<group>";
		};
/* End PBXGroup section */

/* Begin PBXNativeTarget section */
		4180E5FF1F28CF6200E47365 /* pdbParse */ = {
			isa = PBXNativeTarget;
			buildConfigurationList = 4180E6071F28CF6200E47365 /* Build configuration list for PBXNativeTarget "pdbParse" */;
			buildPhases = (
				4180E5FC1F28CF6200E47365 /* Sources */,
				4180E5FD1F28CF6200E47365 /* Frameworks */,
				4180E5FE1F28CF6200E47365 /* CopyFiles */,
			);
			buildRules = (
			);
			dependencies = (
			);
			name = pdbParse;
			productName = pdbParse;
			productReference = 4180E6001F28CF6200E47365 /* pdbParse */;
			productType = "com.apple.product-type.tool";
		};
/* End PBXNativeTarget section */

/* Begin PBXProject section */
		4180E5F81F28CF6200E47365 /* Project object */ = {
			isa = PBXProject;
			attributes = {
				LastUpgradeCheck = 0830;
				ORGANIZATIONNAME = mkaya;
				TargetAttributes = {
					4180E5FF1F28CF6200E47365 = {
						CreatedOnToolsVersion = 8.3.3;
						ProvisioningStyle = Automatic;
					};
				};
			};
			buildConfigurationList = 4180E5FB1F28CF6200E47365 /* Build configuration list for PBXProject "pdbParse" */;
			compatibilityVersion = "Xcode 3.2";
			developmentRegion = English;
			hasScannedForEncodings = 0;
			knownRegions = (
				en,
			);
			mainGroup = 4180E5F71F28CF6200E47365;
			productRefGroup = 4180E6011F28CF6200E47365 /* Products */;
			projectDirPath = "";
			projectRoot = "";
			targets = (
				4180E5FF1F28CF6200E47365 /* pdbParse */,
			);
		};
/* End PBXProject section */

/* Begin PBXSourcesBuildPhase section */
		4180E5FC1F28CF6200E47365 /* Sources */ = {
			isa = PBXSourcesBuildPhase;
			buildActionMask = 2147483647;
			files = (
				4180E60C1F28CF8A00E47365 /* stringFuncs.c in Sources */,
				4180E60F1F28CFB800E47365 /* take_info.c in Sources */,
				4180E6041F28CF6200E47365 /* main.c in Sources */,
				4180E6121F28CFCA00E47365 /* read_file.c in Sources */,
			);
			runOnlyForDeploymentPostprocessing = 0;
		};
/* End PBXSourcesBuildPhase section */

/* Begin XCBuildConfiguration section */
		4180E6051F28CF6200E47365 /* Debug */ = {
			isa = XCBuildConfiguration;
			buildSettings = {
				ALWAYS_SEARCH_USER_PATHS = NO;
				CLANG_ANALYZER_NONNULL = YES;
				CLANG_ANALYZER_NUMBER_OBJECT_CONVERSION = YES_AGGRESSIVE;
				CLANG_CXX_LANGUAGE_STANDARD = "gnu++0x";
				CLANG_CXX_LIBRARY = "libc++";
				CLANG_ENABLE_MODULES = YES;
				CLANG_ENABLE_OBJC_ARC = YES;
				CLANG_WARN_BOOL_CONVERSION = YES;
				CLANG_WARN_CONSTANT_CONVERSION = YES;
				CLANG_WARN_DIRECT_OBJC_ISA_USAGE = YES_ERROR;
				CLANG_WARN_DOCUMENTATION_COMMENTS = YES;
				CLANG_WARN_EMPTY_BODY = YES;
				CLANG_WARN_ENUM_CONVERSION = YES;
				CLANG_WARN_INFINITE_RECURSION = YES;
				CLANG_WARN_INT_CONVERSION = YES;
				CLANG_WARN_OBJC_ROOT_CLASS = YES_ERROR;
				CLANG_WARN_SUSPICIOUS_MOVE = YES;
				CLANG_WARN_UNREACHABLE_CODE = YES;
				CLANG_WARN__DUPLICATE_METHOD_MATCH = YES;
				CODE_SIGN_IDENTITY = "-";
				COPY_PHASE_STRIP = NO;
				DEBUG_INFORMATION_FORMAT = dwarf;
				ENABLE_STRICT_OBJC_MSGSEND = YES;
				ENABLE_TESTABILITY = YES;
				GCC_C_LANGUAGE_STANDARD = gnu99;
				GCC_DYNAMIC_NO_PIC = NO;
				GCC_NO_COMMON_BLOCKS = YES;
				GCC_OPTIMIZATION_LEVEL = 0;
				GCC_PREPROCESSOR_DEFINITIONS = (
					"DEBUG=1",
					"$(inherited)",
				);
				GCC_WARN_64_TO_32_BIT_CONVERSION = YES;
				GCC_WARN_ABOUT_RETURN_TYPE = YES_ERROR;
				GCC_WARN_UNDECLARED_SELECTOR = YES;
				GCC_WARN_UNINITIALIZED_AUTOS = YES_AGGRESSIVE;
				GCC_WARN_UNUSED_FUNCTION = YES;
				GCC_WARN_UNUSED_VARIABLE = YES;
				MACOSX_DEPLOYMENT_TARGET = 10.12;
				MTL_ENABLE_DEBUG_INFO = YES;
				ONLY_ACTIVE_ARCH = YES;
				SDKROOT = macosx;
			};
			name = Debug;
		};
		4180E6061F28CF6200E47365 /* Release */ = {
			isa = XCBuildConfiguration;
			buildSettings = {
				ALWAYS_SEARCH_USER_PATHS = NO;
				CLANG_ANALYZER_NONNULL = YES;
				CLANG_ANALYZER_NUMBER_OBJECT_CONVERSION = YES_AGGRESSIVE;
				CLANG_CXX_LANGUAGE_STANDARD = "gnu++0x";
				CLANG_CXX_LIBRARY = "libc++";
				CLANG_ENABLE_MODULES = YES;
				CLANG_ENABLE_OBJC_ARC = YES;
				CLANG_WARN_BOOL_CONVERSION = YES;
				CLANG_WARN_CONSTANT_CONVERSION = YES;
				CLANG_WARN_DIRECT_OBJC_ISA_USAGE = YES_ERROR;
				CLANG_WARN_DOCUMENTATION_COMMENTS = YES;
				CLANG_WARN_EMPTY_BODY = YES;
				CLANG_WARN_ENUM_CONVERSION = YES;
				CLANG_WARN_INFINITE_RECURSION = YES;
				CLANG_WARN_INT_CONVERSION = YES;
				CLANG_WARN_OBJC_ROOT_CLASS = YES_ERROR;
				CLANG_WARN_SUSPICIOUS_MOVE = YES;
				CLANG_WARN_UNREACHABLE_CODE = YES;
				CLANG_WARN__DUPLICATE_METHOD_MATCH = YES;
				CODE_SIGN_IDENTITY = "-";
				COPY_PHASE_STRIP = NO;
				DEBUG_INFORMATION_FORMAT = "dwarf-with-dsym";
				ENABLE_NS_ASSERTIONS = NO;
				ENABLE_STRICT_OBJC_MSGSEND = YES;
				GCC_C_LANGUAGE_STANDARD = gnu99;
				GCC_NO_COMMON_BLOCKS = YES;
				GCC_WARN_64_TO_32_BIT_CONVERSION = YES;
				GCC_WARN_ABOUT_RETURN_TYPE = YES_ERROR;
				GCC_WARN_UNDECLARED_SELECTOR = YES;
				GCC_WARN_UNINITIALIZED_AUTOS = YES_AGGRESSIVE;
				GCC_WARN_UNUSED_FUNCTION = YES;
				GCC_WARN_UNUSED_VARIABLE = YES;
				MACOSX_DEPLOYMENT_TARGET = 10.12;
				MTL_ENABLE_DEBUG_INFO = NO;
				SDKROOT = macosx;
			};
			name = Release;
		};
		4180E6081F28CF6200E47365 /* Debug */ = {
			isa = XCBuildConfiguration;
			buildSettings = {
				PRODUCT_NAME = "$(TARGET_NAME)";
			};
			name = Debug;
		};
		4180E6091F28CF6200E47365 /* Release */ = {
			isa = XCBuildConfiguration;
			buildSettings = {
				PRODUCT_NAME = "$(TARGET_NAME)";
			};
			name = Release;
		};
/* End XCBuildConfiguration section */

/* Begin XCConfigurationList section */
		4180E5FB1F28CF6200E47365 /* Build configuration list for PBXProject "pdbParse" */ = {
			isa = XCConfigurationList;
			buildConfigurations = (
				4180E6051F28CF6200E47365 /* Debug */,
				4180E6061F28CF6200E47365 /* Release */,
			);
			defaultConfigurationIsVisible = 0;
			defaultConfigurationName = Release;
		};
		4180E6071F28CF6200E47365 /* Build configuration list for PBXNativeTarget "pdbParse" */ = {
			isa = XCConfigurationList;
			buildConfigurations = (
				4180E6081F28CF6200E47365 /* Debug */,
				4180E6091F28CF6200E47365 /* Release */,
			);
			defaultConfigurationIsVisible = 0;
		};
/* End XCConfigurationList section */
	};
	rootObject = 4180E5F81F28CF6200E47365 /* Project object */;
}
